
Microsoft Visual Studio Solution File, Format Version 12.00
# Visual Studio Version 16
VisualStudioVersion = 16.0.31321.278
MinimumVisualStudioVersion = 10.0.40219.1
Project("{FAE04EC0-301F-11D3-BF4B-00C04F79EFBC}") = "Lambda001", "Lambda001\Lambda001.csproj", "{8B0F017F-60E4-4D79-A924-4B14420BC65E}"
EndProject
Project("{FAE04EC0-301F-11D3-BF4B-00C04F79EFBC}") = "Lambda001_01", "Lambda001_01\Lambda001_01.csproj", "{C0E7C6F9-25E5-4332-94C5-333B4429017C}"
EndProject
Global
	GlobalSection(SolutionConfigurationPlatforms) = preSolution
		Debug|Any CPU = Debug|Any CPU
		Release|Any CPU = Release|Any CPU
	EndGlobalSection
	GlobalSection(ProjectConfigurationPlatforms) = postSolution
		{8B0F017F-60E4-4D79-A924-4B14420BC65E}.Debug|Any CPU.ActiveCfg = Debug|Any CPU
		{8B0F017F-60E4-4D79-A924-4B14420BC65E}.Debug|Any CPU.Build.0 = Debug|Any CPU
		{8B0F017F-60E4-4D79-A924-4B14420BC65E}.Release|Any CPU.ActiveCfg = Release|Any CPU
		{8B0F017F-60E4-4D79-A924-4B14420BC65E}.Release|Any CPU.Build.0 = Release|Any CPU
		{C0E7C6F9-25E5-4332-94C5-333B4429017C}.Debug|Any CPU.ActiveCfg = Debug|Any CPU
		{C0E7C6F9-25E5-4332-94C5-333B4429017C}.Debug|Any CPU.Build.0 = Debug|Any CPU
		{C0E7C6F9-25E5-4332-94C5-333B4429017C}.Release|Any CPU.ActiveCfg = Release|Any CPU
		{C0E7C6F9-25E5-4332-94C5-333B4429017C}.Release|Any CPU.Build.0 = Release|Any CPU
	EndGlobalSection
	GlobalSection(SolutionProperties) = preSolution
		HideSolutionNode = FALSE
	EndGlobalSection
	GlobalSection(ExtensibilityGlobals) = postSolution
		SolutionGuid = {BE5108B5-D993-4384-B746-38EAAD504CD5}
	EndGlobalSection
EndGlobal
