
Microsoft Visual Studio Solution File, Format Version 12.00
# Visual Studio Version 16
VisualStudioVersion = 16.0.31321.278
MinimumVisualStudioVersion = 10.0.40219.1
Project("{FAE04EC0-301F-11D3-BF4B-00C04F79EFBC}") = "Event001", "Event001\Event001.csproj", "{54F8809B-A9E6-41B6-B630-ABB69D2841D8}"
EndProject
Project("{FAE04EC0-301F-11D3-BF4B-00C04F79EFBC}") = "Event001_001", "Event001_001\Event001_001.csproj", "{2B3E955C-5BE7-4B48-A583-16F9D62A7E74}"
EndProject
Project("{FAE04EC0-301F-11D3-BF4B-00C04F79EFBC}") = "Event001_002", "Event001_002\Event001_002.csproj", "{1EBA8E84-D239-44D0-8908-5C202F703433}"
EndProject
Global
	GlobalSection(SolutionConfigurationPlatforms) = preSolution
		Debug|Any CPU = Debug|Any CPU
		Release|Any CPU = Release|Any CPU
	EndGlobalSection
	GlobalSection(ProjectConfigurationPlatforms) = postSolution
		{54F8809B-A9E6-41B6-B630-ABB69D2841D8}.Debug|Any CPU.ActiveCfg = Debug|Any CPU
		{54F8809B-A9E6-41B6-B630-ABB69D2841D8}.Debug|Any CPU.Build.0 = Debug|Any CPU
		{54F8809B-A9E6-41B6-B630-ABB69D2841D8}.Release|Any CPU.ActiveCfg = Release|Any CPU
		{54F8809B-A9E6-41B6-B630-ABB69D2841D8}.Release|Any CPU.Build.0 = Release|Any CPU
		{2B3E955C-5BE7-4B48-A583-16F9D62A7E74}.Debug|Any CPU.ActiveCfg = Debug|Any CPU
		{2B3E955C-5BE7-4B48-A583-16F9D62A7E74}.Debug|Any CPU.Build.0 = Debug|Any CPU
		{2B3E955C-5BE7-4B48-A583-16F9D62A7E74}.Release|Any CPU.ActiveCfg = Release|Any CPU
		{2B3E955C-5BE7-4B48-A583-16F9D62A7E74}.Release|Any CPU.Build.0 = Release|Any CPU
		{1EBA8E84-D239-44D0-8908-5C202F703433}.Debug|Any CPU.ActiveCfg = Debug|Any CPU
		{1EBA8E84-D239-44D0-8908-5C202F703433}.Debug|Any CPU.Build.0 = Debug|Any CPU
		{1EBA8E84-D239-44D0-8908-5C202F703433}.Release|Any CPU.ActiveCfg = Release|Any CPU
		{1EBA8E84-D239-44D0-8908-5C202F703433}.Release|Any CPU.Build.0 = Release|Any CPU
	EndGlobalSection
	GlobalSection(SolutionProperties) = preSolution
		HideSolutionNode = FALSE
	EndGlobalSection
	GlobalSection(ExtensibilityGlobals) = postSolution
		SolutionGuid = {EE80E497-B579-4212-B1F5-5C205C4F38EA}
	EndGlobalSection
EndGlobal
